// !$*UTF8*$!
{
	archiveVersion = 1;
	classes = {
	};
	objectVersion = 56;
	objects = {

/* Begin PBXBuildFile section */
		BB474A51295569E2004A16FC /* Launch Screen.storyboard in Resources */ = {isa = PBXBuildFile; fileRef = BB474A50295569E2004A16FC /* Launch Screen.storyboard */; };
		BB535614295676DC00488FEF /* MarkCodable in Frameworks */ = {isa = PBXBuildFile; productRef = BB535613295676DC00488FEF /* MarkCodable */; };
		BB62D0092954E77F00BA139B /* AppEntry.swift in Sources */ = {isa = PBXBuildFile; fileRef = BB62D0082954E77F00BA139B /* AppEntry.swift */; };
		BB62D00B2954E77F00BA139B /* FamilyView.swift in Sources */ = {isa = PBXBuildFile; fileRef = BB62D00A2954E77F00BA139B /* FamilyView.swift */; };
		BB62D00D2954E78000BA139B /* Assets.xcassets in Resources */ = {isa = PBXBuildFile; fileRef = BB62D00C2954E78000BA139B /* Assets.xcassets */; };
		BB62D0102954E78000BA139B /* Preview Assets.xcassets in Resources */ = {isa = PBXBuildFile; fileRef = BB62D00F2954E78000BA139B /* Preview Assets.xcassets */; };
		BB62D019295511E800BA139B /* Models.swift in Sources */ = {isa = PBXBuildFile; fileRef = BB62D018295511E800BA139B /* Models.swift */; };
		BB62D01B2955120B00BA139B /* NewEntityView.swift in Sources */ = {isa = PBXBuildFile; fileRef = BB62D01A2955120B00BA139B /* NewEntityView.swift */; };
		BB62D020295520EF00BA139B /* DataStore.swift in Sources */ = {isa = PBXBuildFile; fileRef = BB62D01F295520EF00BA139B /* DataStore.swift */; };
		BB72BC512955719900B87456 /* Entity.swift in Sources */ = {isa = PBXBuildFile; fileRef = BB72BC502955719900B87456 /* Entity.swift */; };
/* End PBXBuildFile section */

/* Begin PBXFileReference section */
		BB474A50295569E2004A16FC /* Launch Screen.storyboard */ = {isa = PBXFileReference; lastKnownFileType = file.storyboard; path = "Launch Screen.storyboard"; sourceTree = "<group>"; };
		BB62D0052954E77F00BA139B /* MarkCodablePersistence.app */ = {isa = PBXFileReference; explicitFileType = wrapper.application; includeInIndex = 0; path = MarkCodablePersistence.app; sourceTree = BUILT_PRODUCTS_DIR; };
		BB62D0082954E77F00BA139B /* AppEntry.swift */ = {isa = PBXFileReference; lastKnownFileType = sourcecode.swift; path = AppEntry.swift; sourceTree = "<group>"; };
		BB62D00A2954E77F00BA139B /* FamilyView.swift */ = {isa = PBXFileReference; lastKnownFileType = sourcecode.swift; path = FamilyView.swift; sourceTree = "<group>"; };
		BB62D00C2954E78000BA139B /* Assets.xcassets */ = {isa = PBXFileReference; lastKnownFileType = folder.assetcatalog; path = Assets.xcassets; sourceTree = "<group>"; };
		BB62D00F2954E78000BA139B /* Preview Assets.xcassets */ = {isa = PBXFileReference; lastKnownFileType = folder.assetcatalog; path = "Preview Assets.xcassets"; sourceTree = "<group>"; };
		BB62D018295511E800BA139B /* Models.swift */ = {isa = PBXFileReference; lastKnownFileType = sourcecode.swift; path = Models.swift; sourceTree = "<group>"; };
		BB62D01A2955120B00BA139B /* NewEntityView.swift */ = {isa = PBXFileReference; lastKnownFileType = sourcecode.swift; path = NewEntityView.swift; sourceTree = "<group>"; };
		BB62D01F295520EF00BA139B /* DataStore.swift */ = {isa = PBXFileReference; lastKnownFileType = sourcecode.swift; path = DataStore.swift; sourceTree = "<group>"; };
		BB62D02129552CD900BA139B /* MarkCodable-Persistence-Info.plist */ = {isa = PBXFileReference; lastKnownFileType = text.plist.xml; path = "MarkCodable-Persistence-Info.plist"; sourceTree = SOURCE_ROOT; };
		BB72BC502955719900B87456 /* Entity.swift */ = {isa = PBXFileReference; lastKnownFileType = sourcecode.swift; path = Entity.swift; sourceTree = "<group>"; };
/* End PBXFileReference section */

/* Begin PBXFrameworksBuildPhase section */
		BB62D0022954E77F00BA139B /* Frameworks */ = {
			isa = PBXFrameworksBuildPhase;
			buildActionMask = 2147483647;
			files = (
				BB535614295676DC00488FEF /* MarkCodable in Frameworks */,
			);
			runOnlyForDeploymentPostprocessing = 0;
		};
/* End PBXFrameworksBuildPhase section */

/* Begin PBXGroup section */
		BB62CFFC2954E77F00BA139B = {
			isa = PBXGroup;
			children = (
				BB62D0072954E77F00BA139B /* MarkCodablePersistence */,
				BB62D0062954E77F00BA139B /* Products */,
			);
			sourceTree = "<group>";
		};
		BB62D0062954E77F00BA139B /* Products */ = {
			isa = PBXGroup;
			children = (
				BB62D0052954E77F00BA139B /* MarkCodablePersistence.app */,
			);
			name = Products;
			sourceTree = "<group>";
		};
		BB62D0072954E77F00BA139B /* MarkCodablePersistence */ = {
			isa = PBXGroup;
			children = (
				BB62D02129552CD900BA139B /* MarkCodable-Persistence-Info.plist */,
				BB62D0082954E77F00BA139B /* AppEntry.swift */,
				BB62D00A2954E77F00BA139B /* FamilyView.swift */,
				BB72BC4F2955715900B87456 /* New Enitity Screen */,
				BB62D018295511E800BA139B /* Models.swift */,
				BB62D01F295520EF00BA139B /* DataStore.swift */,
				BB62D00C2954E78000BA139B /* Assets.xcassets */,
				BB474A50295569E2004A16FC /* Launch Screen.storyboard */,
				BB62D00E2954E78000BA139B /* Preview Content */,
			);
			path = MarkCodablePersistence;
			sourceTree = "<group>";
		};
		BB62D00E2954E78000BA139B /* Preview Content */ = {
			isa = PBXGroup;
			children = (
				BB62D00F2954E78000BA139B /* Preview Assets.xcassets */,
			);
			path = "Preview Content";
			sourceTree = "<group>";
		};
		BB72BC4F2955715900B87456 /* New Enitity Screen */ = {
			isa = PBXGroup;
			children = (
				BB62D01A2955120B00BA139B /* NewEntityView.swift */,
				BB72BC502955719900B87456 /* Entity.swift */,
			);
			path = "New Enitity Screen";
			sourceTree = "<group>";
		};
/* End PBXGroup section */

/* Begin PBXNativeTarget section */
		BB62D0042954E77F00BA139B /* MarkCodablePersistence */ = {
			isa = PBXNativeTarget;
			buildConfigurationList = BB62D0132954E78000BA139B /* Build configuration list for PBXNativeTarget "MarkCodablePersistence" */;
			buildPhases = (
				BB62D0022954E77F00BA139B /* Frameworks */,
				BB62D0012954E77F00BA139B /* Sources */,
				BB62D0032954E77F00BA139B /* Resources */,
			);
			buildRules = (
			);
			dependencies = (
			);
			name = MarkCodablePersistence;
			packageProductDependencies = (
				BB535613295676DC00488FEF /* MarkCodable */,
			);
			productName = "MarkCodable Persistence";
			productReference = BB62D0052954E77F00BA139B /* MarkCodablePersistence.app */;
			productType = "com.apple.product-type.application";
		};
/* End PBXNativeTarget section */

/* Begin PBXProject section */
		BB62CFFD2954E77F00BA139B /* Project object */ = {
			isa = PBXProject;
			attributes = {
				BuildIndependentTargetsInParallel = 1;
				LastSwiftUpdateCheck = 1420;
				LastUpgradeCheck = 1420;
				TargetAttributes = {
					BB62D0042954E77F00BA139B = {
						CreatedOnToolsVersion = 14.2;
					};
				};
			};
			buildConfigurationList = BB62D0002954E77F00BA139B /* Build configuration list for PBXProject "MarkCodablePersistence" */;
			compatibilityVersion = "Xcode 14.0";
			developmentRegion = en;
			hasScannedForEncodings = 0;
			knownRegions = (
				en,
				Base,
			);
			mainGroup = BB62CFFC2954E77F00BA139B;
			packageReferences = (
				BB535612295676DC00488FEF /* XCRemoteSwiftPackageReference "MarkCodable" */,
			);
			productRefGroup = BB62D0062954E77F00BA139B /* Products */;
			projectDirPath = "";
			projectRoot = "";
			targets = (
				BB62D0042954E77F00BA139B /* MarkCodablePersistence */,
			);
		};
/* End PBXProject section */

/* Begin PBXResourcesBuildPhase section */
		BB62D0032954E77F00BA139B /* Resources */ = {
			isa = PBXResourcesBuildPhase;
			buildActionMask = 2147483647;
			files = (
				BB474A51295569E2004A16FC /* Launch Screen.storyboard in Resources */,
				BB62D0102954E78000BA139B /* Preview Assets.xcassets in Resources */,
				BB62D00D2954E78000BA139B /* Assets.xcassets in Resources */,
			);
			runOnlyForDeploymentPostprocessing = 0;
		};
/* End PBXResourcesBuildPhase section */

/* Begin PBXSourcesBuildPhase section */
		BB62D0012954E77F00BA139B /* Sources */ = {
			isa = PBXSourcesBuildPhase;
			buildActionMask = 2147483647;
			files = (
				BB62D00B2954E77F00BA139B /* FamilyView.swift in Sources */,
				BB62D020295520EF00BA139B /* DataStore.swift in Sources */,
				BB72BC512955719900B87456 /* Entity.swift in Sources */,
				BB62D0092954E77F00BA139B /* AppEntry.swift in Sources */,
				BB62D01B2955120B00BA139B /* NewEntityView.swift in Sources */,
				BB62D019295511E800BA139B /* Models.swift in Sources */,
			);
			runOnlyForDeploymentPostprocessing = 0;
		};
/* End PBXSourcesBuildPhase section */

/* Begin XCBuildConfiguration section */
		BB62D0112954E78000BA139B /* Debug */ = {
			isa = XCBuildConfiguration;
			buildSettings = {
				ALWAYS_SEARCH_USER_PATHS = NO;
				CLANG_ANALYZER_NONNULL = YES;
				CLANG_ANALYZER_NUMBER_OBJECT_CONVERSION = YES_AGGRESSIVE;
				CLANG_CXX_LANGUAGE_STANDARD = "gnu++20";
				CLANG_ENABLE_MODULES = YES;
				CLANG_ENABLE_OBJC_ARC = YES;
				CLANG_ENABLE_OBJC_WEAK = YES;
				CLANG_WARN_BLOCK_CAPTURE_AUTORELEASING = YES;
				CLANG_WARN_BOOL_CONVERSION = YES;
				CLANG_WARN_COMMA = YES;
				CLANG_WARN_CONSTANT_CONVERSION = YES;
				CLANG_WARN_DEPRECATED_OBJC_IMPLEMENTATIONS = YES;
				CLANG_WARN_DIRECT_OBJC_ISA_USAGE = YES_ERROR;
				CLANG_WARN_DOCUMENTATION_COMMENTS = YES;
				CLANG_WARN_EMPTY_BODY = YES;
				CLANG_WARN_ENUM_CONVERSION = YES;
				CLANG_WARN_INFINITE_RECURSION = YES;
				CLANG_WARN_INT_CONVERSION = YES;
				CLANG_WARN_NON_LITERAL_NULL_CONVERSION = YES;
				CLANG_WARN_OBJC_IMPLICIT_RETAIN_SELF = YES;
				CLANG_WARN_OBJC_LITERAL_CONVERSION = YES;
				CLANG_WARN_OBJC_ROOT_CLASS = YES_ERROR;
				CLANG_WARN_QUOTED_INCLUDE_IN_FRAMEWORK_HEADER = YES;
				CLANG_WARN_RANGE_LOOP_ANALYSIS = YES;
				CLANG_WARN_STRICT_PROTOTYPES = YES;
				CLANG_WARN_SUSPICIOUS_MOVE = YES;
				CLANG_WARN_UNGUARDED_AVAILABILITY = YES_AGGRESSIVE;
				CLANG_WARN_UNREACHABLE_CODE = YES;
				CLANG_WARN__DUPLICATE_METHOD_MATCH = YES;
				COPY_PHASE_STRIP = NO;
				DEBUG_INFORMATION_FORMAT = dwarf;
				ENABLE_STRICT_OBJC_MSGSEND = YES;
				ENABLE_TESTABILITY = YES;
				GCC_C_LANGUAGE_STANDARD = gnu11;
				GCC_DYNAMIC_NO_PIC = NO;
				GCC_NO_COMMON_BLOCKS = YES;
				GCC_OPTIMIZATION_LEVEL = 0;
				GCC_PREPROCESSOR_DEFINITIONS = (
					"DEBUG=1",
					"$(inherited)",
				);
				GCC_WARN_64_TO_32_BIT_CONVERSION = YES;
				GCC_WARN_ABOUT_RETURN_TYPE = YES_ERROR;
				GCC_WARN_UNDECLARED_SELECTOR = YES;
				GCC_WARN_UNINITIALIZED_AUTOS = YES_AGGRESSIVE;
				GCC_WARN_UNUSED_FUNCTION = YES;
				GCC_WARN_UNUSED_VARIABLE = YES;
				IPHONEOS_DEPLOYMENT_TARGET = 16.2;
				MTL_ENABLE_DEBUG_INFO = INCLUDE_SOURCE;
				MTL_FAST_MATH = YES;
				ONLY_ACTIVE_ARCH = YES;
				SDKROOT = iphoneos;
				SWIFT_ACTIVE_COMPILATION_CONDITIONS = DEBUG;
				SWIFT_OPTIMIZATION_LEVEL = "-Onone";
			};
			name = Debug;
		};
		BB62D0122954E78000BA139B /* Release */ = {
			isa = XCBuildConfiguration;
			buildSettings = {
				ALWAYS_SEARCH_USER_PATHS = NO;
				CLANG_ANALYZER_NONNULL = YES;
				CLANG_ANALYZER_NUMBER_OBJECT_CONVERSION = YES_AGGRESSIVE;
				CLANG_CXX_LANGUAGE_STANDARD = "gnu++20";
				CLANG_ENABLE_MODULES = YES;
				CLANG_ENABLE_OBJC_ARC = YES;
				CLANG_ENABLE_OBJC_WEAK = YES;
				CLANG_WARN_BLOCK_CAPTURE_AUTORELEASING = YES;
				CLANG_WARN_BOOL_CONVERSION = YES;
				CLANG_WARN_COMMA = YES;
				CLANG_WARN_CONSTANT_CONVERSION = YES;
				CLANG_WARN_DEPRECATED_OBJC_IMPLEMENTATIONS = YES;
				CLANG_WARN_DIRECT_OBJC_ISA_USAGE = YES_ERROR;
				CLANG_WARN_DOCUMENTATION_COMMENTS = YES;
				CLANG_WARN_EMPTY_BODY = YES;
				CLANG_WARN_ENUM_CONVERSION = YES;
				CLANG_WARN_INFINITE_RECURSION = YES;
				CLANG_WARN_INT_CONVERSION = YES;
				CLANG_WARN_NON_LITERAL_NULL_CONVERSION = YES;
				CLANG_WARN_OBJC_IMPLICIT_RETAIN_SELF = YES;
				CLANG_WARN_OBJC_LITERAL_CONVERSION = YES;
				CLANG_WARN_OBJC_ROOT_CLASS = YES_ERROR;
				CLANG_WARN_QUOTED_INCLUDE_IN_FRAMEWORK_HEADER = YES;
				CLANG_WARN_RANGE_LOOP_ANALYSIS = YES;
				CLANG_WARN_STRICT_PROTOTYPES = YES;
				CLANG_WARN_SUSPICIOUS_MOVE = YES;
				CLANG_WARN_UNGUARDED_AVAILABILITY = YES_AGGRESSIVE;
				CLANG_WARN_UNREACHABLE_CODE = YES;
				CLANG_WARN__DUPLICATE_METHOD_MATCH = YES;
				COPY_PHASE_STRIP = NO;
				DEBUG_INFORMATION_FORMAT = "dwarf-with-dsym";
				ENABLE_NS_ASSERTIONS = NO;
				ENABLE_STRICT_OBJC_MSGSEND = YES;
				GCC_C_LANGUAGE_STANDARD = gnu11;
				GCC_NO_COMMON_BLOCKS = YES;
				GCC_WARN_64_TO_32_BIT_CONVERSION = YES;
				GCC_WARN_ABOUT_RETURN_TYPE = YES_ERROR;
				GCC_WARN_UNDECLARED_SELECTOR = YES;
				GCC_WARN_UNINITIALIZED_AUTOS = YES_AGGRESSIVE;
				GCC_WARN_UNUSED_FUNCTION = YES;
				GCC_WARN_UNUSED_VARIABLE = YES;
				IPHONEOS_DEPLOYMENT_TARGET = 16.2;
				MTL_ENABLE_DEBUG_INFO = NO;
				MTL_FAST_MATH = YES;
				SDKROOT = iphoneos;
				SWIFT_COMPILATION_MODE = wholemodule;
				SWIFT_OPTIMIZATION_LEVEL = "-O";
				VALIDATE_PRODUCT = YES;
			};
			name = Release;
		};
		BB62D0142954E78000BA139B /* Debug */ = {
			isa = XCBuildConfiguration;
			buildSettings = {
				ASSETCATALOG_COMPILER_APPICON_NAME = AppIcon;
				ASSETCATALOG_COMPILER_GLOBAL_ACCENT_COLOR_NAME = AccentColor;
				CODE_SIGN_STYLE = Automatic;
				CURRENT_PROJECT_VERSION = 1;
				DEVELOPMENT_ASSET_PATHS = "\"MarkCodablePersistence/Preview Content\"";
				DEVELOPMENT_TEAM = RKV4UP49S6;
				ENABLE_PREVIEWS = YES;
				GENERATE_INFOPLIST_FILE = YES;
				INFOPLIST_FILE = "MarkCodable-Persistence-Info.plist";
				INFOPLIST_KEY_CFBundleDisplayName = MarkCodable;
				INFOPLIST_KEY_UIApplicationSupportsIndirectInputEvents = YES;
				INFOPLIST_KEY_UILaunchScreen_Generation = YES;
				INFOPLIST_KEY_UILaunchStoryboardName = "Launch Screen.storyboard";
				INFOPLIST_KEY_UISupportedInterfaceOrientations_iPad = "UIInterfaceOrientationPortrait UIInterfaceOrientationPortraitUpsideDown UIInterfaceOrientationLandscapeLeft UIInterfaceOrientationLandscapeRight";
				INFOPLIST_KEY_UISupportedInterfaceOrientations_iPhone = "UIInterfaceOrientationPortrait UIInterfaceOrientationLandscapeLeft UIInterfaceOrientationLandscapeRight";
				LD_RUNPATH_SEARCH_PATHS = (
					"$(inherited)",
					"@executable_path/Frameworks",
				);
				MARKETING_VERSION = 1.0;
				PRODUCT_BUNDLE_IDENTIFIER = "com.createchsol.MarkCodable-Persistence";
				PRODUCT_NAME = "$(TARGET_NAME)";
				SWIFT_EMIT_LOC_STRINGS = YES;
				SWIFT_VERSION = 5.0;
				TARGETED_DEVICE_FAMILY = "1,2";
			};
			name = Debug;
		};
		BB62D0152954E78000BA139B /* Release */ = {
			isa = XCBuildConfiguration;
			buildSettings = {
				ASSETCATALOG_COMPILER_APPICON_NAME = AppIcon;
				ASSETCATALOG_COMPILER_GLOBAL_ACCENT_COLOR_NAME = AccentColor;
				CODE_SIGN_STYLE = Automatic;
				CURRENT_PROJECT_VERSION = 1;
				DEVELOPMENT_ASSET_PATHS = "\"MarkCodablePersistence/Preview Content\"";
				DEVELOPMENT_TEAM = RKV4UP49S6;
				ENABLE_PREVIEWS = YES;
				GENERATE_INFOPLIST_FILE = YES;
				INFOPLIST_FILE = "MarkCodable-Persistence-Info.plist";
				INFOPLIST_KEY_CFBundleDisplayName = MarkCodable;
				INFOPLIST_KEY_UIApplicationSupportsIndirectInputEvents = YES;
				INFOPLIST_KEY_UILaunchScreen_Generation = YES;
				INFOPLIST_KEY_UILaunchStoryboardName = "Launch Screen.storyboard";
				INFOPLIST_KEY_UISupportedInterfaceOrientations_iPad = "UIInterfaceOrientationPortrait UIInterfaceOrientationPortraitUpsideDown UIInterfaceOrientationLandscapeLeft UIInterfaceOrientationLandscapeRight";
				INFOPLIST_KEY_UISupportedInterfaceOrientations_iPhone = "UIInterfaceOrientationPortrait UIInterfaceOrientationLandscapeLeft UIInterfaceOrientationLandscapeRight";
				LD_RUNPATH_SEARCH_PATHS = (
					"$(inherited)",
					"@executable_path/Frameworks",
				);
				MARKETING_VERSION = 1.0;
				PRODUCT_BUNDLE_IDENTIFIER = "com.createchsol.MarkCodable-Persistence";
				PRODUCT_NAME = "$(TARGET_NAME)";
				SWIFT_EMIT_LOC_STRINGS = YES;
				SWIFT_VERSION = 5.0;
				TARGETED_DEVICE_FAMILY = "1,2";
			};
			name = Release;
		};
/* End XCBuildConfiguration section */

/* Begin XCConfigurationList section */
		BB62D0002954E77F00BA139B /* Build configuration list for PBXProject "MarkCodablePersistence" */ = {
			isa = XCConfigurationList;
			buildConfigurations = (
				BB62D0112954E78000BA139B /* Debug */,
				BB62D0122954E78000BA139B /* Release */,
			);
			defaultConfigurationIsVisible = 0;
			defaultConfigurationName = Release;
		};
		BB62D0132954E78000BA139B /* Build configuration list for PBXNativeTarget "MarkCodablePersistence" */ = {
			isa = XCConfigurationList;
			buildConfigurations = (
				BB62D0142954E78000BA139B /* Debug */,
				BB62D0152954E78000BA139B /* Release */,
			);
			defaultConfigurationIsVisible = 0;
			defaultConfigurationName = Release;
		};
/* End XCConfigurationList section */

/* Begin XCRemoteSwiftPackageReference section */
		BB535612295676DC00488FEF /* XCRemoteSwiftPackageReference "MarkCodable" */ = {
			isa = XCRemoteSwiftPackageReference;
			repositoryURL = "https://github.com/MarkCodable/MarkCodable";
			requirement = {
				branch = main;
				kind = branch;
			};
		};
/* End XCRemoteSwiftPackageReference section */

/* Begin XCSwiftPackageProductDependency section */
		BB535613295676DC00488FEF /* MarkCodable */ = {
			isa = XCSwiftPackageProductDependency;
			package = BB535612295676DC00488FEF /* XCRemoteSwiftPackageReference "MarkCodable" */;
			productName = MarkCodable;
		};
/* End XCSwiftPackageProductDependency section */
	};
	rootObject = BB62CFFD2954E77F00BA139B /* Project object */;
}
